// !$*UTF8*$!
{
	archiveVersion = 1;
	classes = {
	};
	objectVersion = 46;
	objects = {

/* Begin PBXBuildFile section */
		AE257DE11C421BD900A990B6 /* Assets.xcassets in Resources */ = {isa = PBXBuildFile; fileRef = AE257DE01C421BD900A990B6 /* Assets.xcassets */; };
		AE257DEF1C421BD900A990B6 /* MTPSocialTests.m in Sources */ = {isa = PBXBuildFile; fileRef = AE257DEE1C421BD900A990B6 /* MTPSocialTests.m */; };
		AE257DFA1C421BDA00A990B6 /* MTPSocialUITests.m in Sources */ = {isa = PBXBuildFile; fileRef = AE257DF91C421BDA00A990B6 /* MTPSocialUITests.m */; };
		AE257E111C421EB500A990B6 /* Info.plist in Resources */ = {isa = PBXBuildFile; fileRef = AE257E081C421EB500A990B6 /* Info.plist */; };
		AE257E121C421EB500A990B6 /* main.m in Sources */ = {isa = PBXBuildFile; fileRef = AE257E091C421EB500A990B6 /* main.m */; };
		AE257E211C4264DA00A990B6 /* libHome.a in Frameworks */ = {isa = PBXBuildFile; fileRef = AE257E161C421EB500A990B6 /* libHome.a */; };
/* End PBXBuildFile section */

/* Begin PBXContainerItemProxy section */
		AE257DEB1C421BD900A990B6 /* PBXContainerItemProxy */ = {
			isa = PBXContainerItemProxy;
			containerPortal = AE257DC91C421BD900A990B6 /* Project object */;
			proxyType = 1;
			remoteGlobalIDString = AE257DD01C421BD900A990B6;
			remoteInfo = MTPSocial;
		};
		AE257DF61C421BDA00A990B6 /* PBXContainerItemProxy */ = {
			isa = PBXContainerItemProxy;
			containerPortal = AE257DC91C421BD900A990B6 /* Project object */;
			proxyType = 1;
			remoteGlobalIDString = AE257DD01C421BD900A990B6;
			remoteInfo = MTPSocial;
		};
		AE257E151C421EB500A990B6 /* PBXContainerItemProxy */ = {
			isa = PBXContainerItemProxy;
			containerPortal = AE257E0E1C421EB500A990B6 /* Home.xcodeproj */;
			proxyType = 2;
			remoteGlobalIDString = AE257DAF1C3F914400A990B6;
			remoteInfo = Home;
		};
		AE257E221C4264DE00A990B6 /* PBXContainerItemProxy */ = {
			isa = PBXContainerItemProxy;
			containerPortal = AE257E0E1C421EB500A990B6 /* Home.xcodeproj */;
			proxyType = 1;
			remoteGlobalIDString = AE257DAE1C3F914400A990B6;
			remoteInfo = Home;
		};
/* End PBXContainerItemProxy section */

/* Begin PBXFileReference section */
		AE257DD11C421BD900A990B6 /* MTPSocial.app */ = {isa = PBXFileReference; explicitFileType = wrapper.application; includeInIndex = 0; path = MTPSocial.app; sourceTree = BUILT_PRODUCTS_DIR; };
		AE257DE01C421BD900A990B6 /* Assets.xcassets */ = {isa = PBXFileReference; lastKnownFileType = folder.assetcatalog; path = Assets.xcassets; sourceTree = "<group>"; };
		AE257DEA1C421BD900A990B6 /* MTPSocialTests.xctest */ = {isa = PBXFileReference; explicitFileType = wrapper.cfbundle; includeInIndex = 0; path = MTPSocialTests.xctest; sourceTree = BUILT_PRODUCTS_DIR; };
		AE257DEE1C421BD900A990B6 /* MTPSocialTests.m */ = {isa = PBXFileReference; lastKnownFileType = sourcecode.c.objc; path = MTPSocialTests.m; sourceTree = "<group>"; };
		AE257DF01C421BDA00A990B6 /* Info.plist */ = {isa = PBXFileReference; lastKnownFileType = text.plist.xml; path = Info.plist; sourceTree = "<group>"; };
		AE257DF51C421BDA00A990B6 /* MTPSocialUITests.xctest */ = {isa = PBXFileReference; explicitFileType = wrapper.cfbundle; includeInIndex = 0; path = MTPSocialUITests.xctest; sourceTree = BUILT_PRODUCTS_DIR; };
		AE257DF91C421BDA00A990B6 /* MTPSocialUITests.m */ = {isa = PBXFileReference; lastKnownFileType = sourcecode.c.objc; path = MTPSocialUITests.m; sourceTree = "<group>"; };
		AE257DFB1C421BDA00A990B6 /* Info.plist */ = {isa = PBXFileReference; lastKnownFileType = text.plist.xml; path = Info.plist; sourceTree = "<group>"; };
		AE257E081C421EB500A990B6 /* Info.plist */ = {isa = PBXFileReference; fileEncoding = 4; lastKnownFileType = text.plist.xml; path = Info.plist; sourceTree = "<group>"; };
		AE257E091C421EB500A990B6 /* main.m */ = {isa = PBXFileReference; fileEncoding = 4; lastKnownFileType = sourcecode.c.objc; path = main.m; sourceTree = "<group>"; };
		AE257E0E1C421EB500A990B6 /* Home.xcodeproj */ = {isa = PBXFileReference; lastKnownFileType = "wrapper.pb-project"; path = Home.xcodeproj; sourceTree = "<group>"; };
/* End PBXFileReference section */

/* Begin PBXFrameworksBuildPhase section */
		AE257DCE1C421BD900A990B6 /* Frameworks */ = {
			isa = PBXFrameworksBuildPhase;
			buildActionMask = 2147483647;
			files = (
				AE257E211C4264DA00A990B6 /* libHome.a in Frameworks */,
			);
			runOnlyForDeploymentPostprocessing = 0;
		};
		AE257DE71C421BD900A990B6 /* Frameworks */ = {
			isa = PBXFrameworksBuildPhase;
			buildActionMask = 2147483647;
			files = (
			);
			runOnlyForDeploymentPostprocessing = 0;
		};
		AE257DF21C421BDA00A990B6 /* Frameworks */ = {
			isa = PBXFrameworksBuildPhase;
			buildActionMask = 2147483647;
			files = (
			);
			runOnlyForDeploymentPostprocessing = 0;
		};
/* End PBXFrameworksBuildPhase section */

/* Begin PBXGroup section */
		AE257DC81C421BD900A990B6 = {
			isa = PBXGroup;
			children = (
				AE257DD31C421BD900A990B6 /* MTPSocial */,
				AE257DED1C421BD900A990B6 /* MTPSocialTests */,
				AE257DF81C421BDA00A990B6 /* MTPSocialUITests */,
				AE257DD21C421BD900A990B6 /* Products */,
			);
			sourceTree = "<group>";
		};
		AE257DD21C421BD900A990B6 /* Products */ = {
			isa = PBXGroup;
			children = (
				AE257DD11C421BD900A990B6 /* MTPSocial.app */,
				AE257DEA1C421BD900A990B6 /* MTPSocialTests.xctest */,
				AE257DF51C421BDA00A990B6 /* MTPSocialUITests.xctest */,
			);
			name = Products;
			sourceTree = "<group>";
		};
		AE257DD31C421BD900A990B6 /* MTPSocial */ = {
			isa = PBXGroup;
			children = (
				AE257E0A1C421EB500A990B6 /* FistP */,
				AE257DE01C421BD900A990B6 /* Assets.xcassets */,
				AE257E071C421EB500A990B6 /* Bundle */,
				AE257DD41C421BD900A990B6 /* Supporting Files */,
			);
			path = MTPSocial;
			sourceTree = "<group>";
		};
		AE257DD41C421BD900A990B6 /* Supporting Files */ = {
			isa = PBXGroup;
			children = (
			);
			name = "Supporting Files";
			sourceTree = "<group>";
		};
		AE257DED1C421BD900A990B6 /* MTPSocialTests */ = {
			isa = PBXGroup;
			children = (
				AE257DEE1C421BD900A990B6 /* MTPSocialTests.m */,
				AE257DF01C421BDA00A990B6 /* Info.plist */,
			);
			path = MTPSocialTests;
			sourceTree = "<group>";
		};
		AE257DF81C421BDA00A990B6 /* MTPSocialUITests */ = {
			isa = PBXGroup;
			children = (
				AE257DF91C421BDA00A990B6 /* MTPSocialUITests.m */,
				AE257DFB1C421BDA00A990B6 /* Info.plist */,
			);
			path = MTPSocialUITests;
			sourceTree = "<group>";
		};
		AE257E071C421EB500A990B6 /* Bundle */ = {
			isa = PBXGroup;
			children = (
				AE257E081C421EB500A990B6 /* Info.plist */,
				AE257E091C421EB500A990B6 /* main.m */,
			);
			path = Bundle;
			sourceTree = "<group>";
		};
		AE257E0A1C421EB500A990B6 /* FistP */ = {
			isa = PBXGroup;
			children = (
				AE257E0E1C421EB500A990B6 /* Home.xcodeproj */,
			);
			path = FistP;
			sourceTree = "<group>";
		};
		AE257E0F1C421EB500A990B6 /* Products */ = {
			isa = PBXGroup;
			children = (
				AE257E161C421EB500A990B6 /* libHome.a */,
			);
			name = Products;
			sourceTree = "<group>";
		};
/* End PBXGroup section */

/* Begin PBXNativeTarget section */
		AE257DD01C421BD900A990B6 /* MTPSocial */ = {
			isa = PBXNativeTarget;
			buildConfigurationList = AE257DFE1C421BDA00A990B6 /* Build configuration list for PBXNativeTarget "MTPSocial" */;
			buildPhases = (
				AE257DCD1C421BD900A990B6 /* Sources */,
				AE257DCE1C421BD900A990B6 /* Frameworks */,
				AE257DCF1C421BD900A990B6 /* Resources */,
			);
			buildRules = (
			);
			dependencies = (
				AE257E231C4264DE00A990B6 /* PBXTargetDependency */,
			);
			name = MTPSocial;
			productName = MTPSocial;
			productReference = AE257DD11C421BD900A990B6 /* MTPSocial.app */;
			productType = "com.apple.product-type.application";
		};
		AE257DE91C421BD900A990B6 /* MTPSocialTests */ = {
			isa = PBXNativeTarget;
			buildConfigurationList = AE257E011C421BDA00A990B6 /* Build configuration list for PBXNativeTarget "MTPSocialTests" */;
			buildPhases = (
				AE257DE61C421BD900A990B6 /* Sources */,
				AE257DE71C421BD900A990B6 /* Frameworks */,
				AE257DE81C421BD900A990B6 /* Resources */,
			);
			buildRules = (
			);
			dependencies = (
				AE257DEC1C421BD900A990B6 /* PBXTargetDependency */,
			);
			name = MTPSocialTests;
			productName = MTPSocialTests;
			productReference = AE257DEA1C421BD900A990B6 /* MTPSocialTests.xctest */;
			productType = "com.apple.product-type.bundle.unit-test";
		};
		AE257DF41C421BDA00A990B6 /* MTPSocialUITests */ = {
			isa = PBXNativeTarget;
			buildConfigurationList = AE257E041C421BDA00A990B6 /* Build configuration list for PBXNativeTarget "MTPSocialUITests" */;
			buildPhases = (
				AE257DF11C421BDA00A990B6 /* Sources */,
				AE257DF21C421BDA00A990B6 /* Frameworks */,
				AE257DF31C421BDA00A990B6 /* Resources */,
			);
			buildRules = (
			);
			dependencies = (
				AE257DF71C421BDA00A990B6 /* PBXTargetDependency */,
			);
			name = MTPSocialUITests;
			productName = MTPSocialUITests;
			productReference = AE257DF51C421BDA00A990B6 /* MTPSocialUITests.xctest */;
			productType = "com.apple.product-type.bundle.ui-testing";
		};
/* End PBXNativeTarget section */

/* Begin PBXProject section */
		AE257DC91C421BD900A990B6 /* Project object */ = {
			isa = PBXProject;
			attributes = {
				LastUpgradeCheck = 0710;
				ORGANIZATIONNAME = "北京欧创医疗技术有限公司";
				TargetAttributes = {
					AE257DD01C421BD900A990B6 = {
						CreatedOnToolsVersion = 7.1.1;
					};
					AE257DE91C421BD900A990B6 = {
						CreatedOnToolsVersion = 7.1.1;
						TestTargetID = AE257DD01C421BD900A990B6;
					};
					AE257DF41C421BDA00A990B6 = {
						CreatedOnToolsVersion = 7.1.1;
						TestTargetID = AE257DD01C421BD900A990B6;
					};
				};
			};
			buildConfigurationList = AE257DCC1C421BD900A990B6 /* Build configuration list for PBXProject "MTPSocial" */;
			compatibilityVersion = "Xcode 3.2";
			developmentRegion = English;
			hasScannedForEncodings = 0;
			knownRegions = (
				en,
				Base,
			);
			mainGroup = AE257DC81C421BD900A990B6;
			productRefGroup = AE257DD21C421BD900A990B6 /* Products */;
			projectDirPath = "";
			projectReferences = (
				{
					ProductGroup = AE257E0F1C421EB500A990B6 /* Products */;
					ProjectRef = AE257E0E1C421EB500A990B6 /* Home.xcodeproj */;
				},
			);
			projectRoot = "";
			targets = (
				AE257DD01C421BD900A990B6 /* MTPSocial */,
				AE257DE91C421BD900A990B6 /* MTPSocialTests */,
				AE257DF41C421BDA00A990B6 /* MTPSocialUITests */,
			);
		};
/* End PBXProject section */

/* Begin PBXReferenceProxy section */
		AE257E161C421EB500A990B6 /* libHome.a */ = {
			isa = PBXReferenceProxy;
			fileType = archive.ar;
			path = libHome.a;
			remoteRef = AE257E151C421EB500A990B6 /* PBXContainerItemProxy */;
			sourceTree = BUILT_PRODUCTS_DIR;
		};
/* End PBXReferenceProxy section */

/* Begin PBXResourcesBuildPhase section */
		AE257DCF1C421BD900A990B6 /* Resources */ = {
			isa = PBXResourcesBuildPhase;
			buildActionMask = 2147483647;
			files = (
				AE257E111C421EB500A990B6 /* Info.plist in Resources */,
				AE257DE11C421BD900A990B6 /* Assets.xcassets in Resources */,
			);
			runOnlyForDeploymentPostprocessing = 0;
		};
		AE257DE81C421BD900A990B6 /* Resources */ = {
			isa = PBXResourcesBuildPhase;
			buildActionMask = 2147483647;
			files = (
			);
			runOnlyForDeploymentPostprocessing = 0;
		};
		AE257DF31C421BDA00A990B6 /* Resources */ = {
			isa = PBXResourcesBuildPhase;
			buildActionMask = 2147483647;
			files = (
			);
			runOnlyForDeploymentPostprocessing = 0;
		};
/* End PBXResourcesBuildPhase section */

/* Begin PBXSourcesBuildPhase section */
		AE257DCD1C421BD900A990B6 /* Sources */ = {
			isa = PBXSourcesBuildPhase;
			buildActionMask = 2147483647;
			files = (
				AE257E121C421EB500A990B6 /* main.m in Sources */,
			);
			runOnlyForDeploymentPostprocessing = 0;
		};
		AE257DE61C421BD900A990B6 /* Sources */ = {
			isa = PBXSourcesBuildPhase;
			buildActionMask = 2147483647;
			files = (
				AE257DEF1C421BD900A990B6 /* MTPSocialTests.m in Sources */,
			);
			runOnlyForDeploymentPostprocessing = 0;
		};
		AE257DF11C421BDA00A990B6 /* Sources */ = {
			isa = PBXSourcesBuildPhase;
			buildActionMask = 2147483647;
			files = (
				AE257DFA1C421BDA00A990B6 /* MTPSocialUITests.m in Sources */,
			);
			runOnlyForDeploymentPostprocessing = 0;
		};
/* End PBXSourcesBuildPhase section */

/* Begin PBXTargetDependency section */
		AE257DEC1C421BD900A990B6 /* PBXTargetDependency */ = {
			isa = PBXTargetDependency;
			target = AE257DD01C421BD900A990B6 /* MTPSocial */;
			targetProxy = AE257DEB1C421BD900A990B6 /* PBXContainerItemProxy */;
		};
		AE257DF71C421BDA00A990B6 /* PBXTargetDependency */ = {
			isa = PBXTargetDependency;
			target = AE257DD01C421BD900A990B6 /* MTPSocial */;
			targetProxy = AE257DF61C421BDA00A990B6 /* PBXContainerItemProxy */;
		};
		AE257E231C4264DE00A990B6 /* PBXTargetDependency */ = {
			isa = PBXTargetDependency;
			name = Home;
			targetProxy = AE257E221C4264DE00A990B6 /* PBXContainerItemProxy */;
		};
/* End PBXTargetDependency section */

/* Begin XCBuildConfiguration section */
		AE257DFC1C421BDA00A990B6 /* Debug */ = {
			isa = XCBuildConfiguration;
			buildSettings = {
				ALWAYS_SEARCH_USER_PATHS = NO;
				CLANG_CXX_LANGUAGE_STANDARD = "gnu++0x";
				CLANG_CXX_LIBRARY = "libc++";
				CLANG_ENABLE_MODULES = YES;
				CLANG_ENABLE_OBJC_ARC = YES;
				CLANG_WARN_BOOL_CONVERSION = YES;
				CLANG_WARN_CONSTANT_CONVERSION = YES;
				CLANG_WARN_DIRECT_OBJC_ISA_USAGE = YES_ERROR;
				CLANG_WARN_EMPTY_BODY = YES;
				CLANG_WARN_ENUM_CONVERSION = YES;
				CLANG_WARN_INT_CONVERSION = YES;
				CLANG_WARN_OBJC_ROOT_CLASS = YES_ERROR;
				CLANG_WARN_UNREACHABLE_CODE = YES;
				CLANG_WARN__DUPLICATE_METHOD_MATCH = YES;
				"CODE_SIGN_IDENTITY[sdk=iphoneos*]" = "iPhone Developer";
				COPY_PHASE_STRIP = NO;
				DEBUG_INFORMATION_FORMAT = dwarf;
				ENABLE_STRICT_OBJC_MSGSEND = YES;
				ENABLE_TESTABILITY = YES;
				GCC_C_LANGUAGE_STANDARD = gnu99;
				GCC_DYNAMIC_NO_PIC = NO;
				GCC_NO_COMMON_BLOCKS = YES;
				GCC_OPTIMIZATION_LEVEL = 0;
				GCC_PREPROCESSOR_DEFINITIONS = (
					"DEBUG=1",
					"$(inherited)",
				);
				GCC_WARN_64_TO_32_BIT_CONVERSION = YES;
				GCC_WARN_ABOUT_RETURN_TYPE = YES_ERROR;
				GCC_WARN_UNDECLARED_SELECTOR = YES;
				GCC_WARN_UNINITIALIZED_AUTOS = YES_AGGRESSIVE;
				GCC_WARN_UNUSED_FUNCTION = YES;
				GCC_WARN_UNUSED_VARIABLE = YES;
				IPHONEOS_DEPLOYMENT_TARGET = 9.1;
				MTL_ENABLE_DEBUG_INFO = YES;
				ONLY_ACTIVE_ARCH = YES;
				SDKROOT = iphoneos;
				TARGETED_DEVICE_FAMILY = "1,2";
			};
			name = Debug;
		};
		AE257DFD1C421BDA00A990B6 /* Release */ = {
			isa = XCBuildConfiguration;
			buildSettings = {
				ALWAYS_SEARCH_USER_PATHS = NO;
				CLANG_CXX_LANGUAGE_STANDARD = "gnu++0x";
				CLANG_CXX_LIBRARY = "libc++";
				CLANG_ENABLE_MODULES = YES;
				CLANG_ENABLE_OBJC_ARC = YES;
				CLANG_WARN_BOOL_CONVERSION = YES;
				CLANG_WARN_CONSTANT_CONVERSION = YES;
				CLANG_WARN_DIRECT_OBJC_ISA_USAGE = YES_ERROR;
				CLANG_WARN_EMPTY_BODY = YES;
				CLANG_WARN_ENUM_CONVERSION = YES;
				CLANG_WARN_INT_CONVERSION = YES;
				CLANG_WARN_OBJC_ROOT_CLASS = YES_ERROR;
				CLANG_WARN_UNREACHABLE_CODE = YES;
				CLANG_WARN__DUPLICATE_METHOD_MATCH = YES;
				"CODE_SIGN_IDENTITY[sdk=iphoneos*]" = "iPhone Developer";
				COPY_PHASE_STRIP = NO;
				DEBUG_INFORMATION_FORMAT = "dwarf-with-dsym";
				ENABLE_NS_ASSERTIONS = NO;
				ENABLE_STRICT_OBJC_MSGSEND = YES;
				GCC_C_LANGUAGE_STANDARD = gnu99;
				GCC_NO_COMMON_BLOCKS = YES;
				GCC_WARN_64_TO_32_BIT_CONVERSION = YES;
				GCC_WARN_ABOUT_RETURN_TYPE = YES_ERROR;
				GCC_WARN_UNDECLARED_SELECTOR = YES;
				GCC_WARN_UNINITIALIZED_AUTOS = YES_AGGRESSIVE;
				GCC_WARN_UNUSED_FUNCTION = YES;
				GCC_WARN_UNUSED_VARIABLE = YES;
				IPHONEOS_DEPLOYMENT_TARGET = 9.1;
				MTL_ENABLE_DEBUG_INFO = NO;
				SDKROOT = iphoneos;
				TARGETED_DEVICE_FAMILY = "1,2";
				VALIDATE_PRODUCT = YES;
			};
			name = Release;
		};
		AE257DFF1C421BDA00A990B6 /* Debug */ = {
			isa = XCBuildConfiguration;
			buildSettings = {
				ASSETCATALOG_COMPILER_APPICON_NAME = AppIcon;
				HEADER_SEARCH_PATHS = "../**";
				INFOPLIST_FILE = MTPSocial/Bundle/Info.plist;
				IPHONEOS_DEPLOYMENT_TARGET = 7.0;
				LD_RUNPATH_SEARCH_PATHS = "$(inherited) @executable_path/Frameworks";
				PRODUCT_BUNDLE_IDENTIFIER = com.allinmd.social.MTPSocial;
				PRODUCT_NAME = "$(TARGET_NAME)";
				USER_HEADER_SEARCH_PATHS = "../**";
			};
			name = Debug;
		};
		AE257E001C421BDA00A990B6 /* Release */ = {
			isa = XCBuildConfiguration;
			buildSettings = {
				ASSETCATALOG_COMPILER_APPICON_NAME = AppIcon;
				HEADER_SEARCH_PATHS = "../**";
				INFOPLIST_FILE = MTPSocial/Bundle/Info.plist;
				IPHONEOS_DEPLOYMENT_TARGET = 7.0;
				LD_RUNPATH_SEARCH_PATHS = "$(inherited) @executable_path/Frameworks";
				PRODUCT_BUNDLE_IDENTIFIER = com.allinmd.social.MTPSocial;
				PRODUCT_NAME = "$(TARGET_NAME)";
				USER_HEADER_SEARCH_PATHS = "../**";
			};
			name = Release;
		};
		AE257E021C421BDA00A990B6 /* Debug */ = {
			isa = XCBuildConfiguration;
			buildSettings = {
				BUNDLE_LOADER = "$(TEST_HOST)";
				INFOPLIST_FILE = MTPSocialTests/Info.plist;
				LD_RUNPATH_SEARCH_PATHS = "$(inherited) @executable_path/Frameworks @loader_path/Frameworks";
				PRODUCT_BUNDLE_IDENTIFIER = com.allinmd.social.MTPSocialTests;
				PRODUCT_NAME = "$(TARGET_NAME)";
				TEST_HOST = "$(BUILT_PRODUCTS_DIR)/MTPSocial.app/MTPSocial";
			};
			name = Debug;
		};
		AE257E031C421BDA00A990B6 /* Release */ = {
			isa = XCBuildConfiguration;
			buildSettings = {
				BUNDLE_LOADER = "$(TEST_HOST)";
				INFOPLIST_FILE = MTPSocialTests/Info.plist;
				LD_RUNPATH_SEARCH_PATHS = "$(inherited) @executable_path/Frameworks @loader_path/Frameworks";
				PRODUCT_BUNDLE_IDENTIFIER = com.allinmd.social.MTPSocialTests;
				PRODUCT_NAME = "$(TARGET_NAME)";
				TEST_HOST = "$(BUILT_PRODUCTS_DIR)/MTPSocial.app/MTPSocial";
			};
			name = Release;
		};
		AE257E051C421BDA00A990B6 /* Debug */ = {
			isa = XCBuildConfiguration;
			buildSettings = {
				INFOPLIST_FILE = MTPSocialUITests/Info.plist;
				LD_RUNPATH_SEARCH_PATHS = "$(inherited) @executable_path/Frameworks @loader_path/Frameworks";
				PRODUCT_BUNDLE_IDENTIFIER = com.allinmd.social.MTPSocialUITests;
				PRODUCT_NAME = "$(TARGET_NAME)";
				TEST_TARGET_NAME = MTPSocial;
				USES_XCTRUNNER = YES;
			};
			name = Debug;
		};
		AE257E061C421BDA00A990B6 /* Release */ = {
			isa = XCBuildConfiguration;
			buildSettings = {
				INFOPLIST_FILE = MTPSocialUITests/Info.plist;
				LD_RUNPATH_SEARCH_PATHS = "$(inherited) @executable_path/Frameworks @loader_path/Frameworks";
				PRODUCT_BUNDLE_IDENTIFIER = com.allinmd.social.MTPSocialUITests;
				PRODUCT_NAME = "$(TARGET_NAME)";
				TEST_TARGET_NAME = MTPSocial;
				USES_XCTRUNNER = YES;
			};
			name = Release;
		};
/* End XCBuildConfiguration section */

/* Begin XCConfigurationList section */
		AE257DCC1C421BD900A990B6 /* Build configuration list for PBXProject "MTPSocial" */ = {
			isa = XCConfigurationList;
			buildConfigurations = (
				AE257DFC1C421BDA00A990B6 /* Debug */,
				AE257DFD1C421BDA00A990B6 /* Release */,
			);
			defaultConfigurationIsVisible = 0;
			defaultConfigurationName = Release;
		};
		AE257DFE1C421BDA00A990B6 /* Build configuration list for PBXNativeTarget "MTPSocial" */ = {
			isa = XCConfigurationList;
			buildConfigurations = (
				AE257DFF1C421BDA00A990B6 /* Debug */,
				AE257E001C421BDA00A990B6 /* Release */,
			);
			defaultConfigurationIsVisible = 0;
			defaultConfigurationName = Release;
		};
		AE257E011C421BDA00A990B6 /* Build configuration list for PBXNativeTarget "MTPSocialTests" */ = {
			isa = XCConfigurationList;
			buildConfigurations = (
				AE257E021C421BDA00A990B6 /* Debug */,
				AE257E031C421BDA00A990B6 /* Release */,
			);
			defaultConfigurationIsVisible = 0;
			defaultConfigurationName = Release;
		};
		AE257E041C421BDA00A990B6 /* Build configuration list for PBXNativeTarget "MTPSocialUITests" */ = {
			isa = XCConfigurationList;
			buildConfigurations = (
				AE257E051C421BDA00A990B6 /* Debug */,
				AE257E061C421BDA00A990B6 /* Release */,
			);
			defaultConfigurationIsVisible = 0;
			defaultConfigurationName = Release;
		};
/* End XCConfigurationList section */
	};
	rootObject = AE257DC91C421BD900A990B6 /* Project object */;
}
